
Microsoft Visual Studio Solution File, Format Version 12.00
# Visual Studio Version 17
VisualStudioVersion = 17.11.35222.181
MinimumVisualStudioVersion = 10.0.40219.1
Project("{FAE04EC0-301F-11D3-BF4B-00C04F79EFBC}") = "F24W1CSharpFundamentals", "F24W1CSharpFundamentals\F24W1CSharpFundamentals.csproj", "{5D730BE2-87FA-473E-9BFD-64C63DE0E0C2}"
EndProject
Global
	GlobalSection(SolutionConfigurationPlatforms) = preSolution
		Debug|Any CPU = Debug|Any CPU
		Release|Any CPU = Release|Any CPU
	EndGlobalSection
	GlobalSection(ProjectConfigurationPlatforms) = postSolution
		{5D730BE2-87FA-473E-9BFD-64C63DE0E0C2}.Debug|Any CPU.ActiveCfg = Debug|Any CPU
		{5D730BE2-87FA-473E-9BFD-64C63DE0E0C2}.Debug|Any CPU.Build.0 = Debug|Any CPU
		{5D730BE2-87FA-473E-9BFD-64C63DE0E0C2}.Release|Any CPU.ActiveCfg = Release|Any CPU
		{5D730BE2-87FA-473E-9BFD-64C63DE0E0C2}.Release|Any CPU.Build.0 = Release|Any CPU
	EndGlobalSection
	GlobalSection(SolutionProperties) = preSolution
		HideSolutionNode = FALSE
	EndGlobalSection
	GlobalSection(ExtensibilityGlobals) = postSolution
		SolutionGuid = {C5EF93EA-6391-40E8-8DF9-8A48B931F3A5}
	EndGlobalSection
EndGlobal
